// !$*UTF8*$!
{
	archiveVersion = 1;
	classes = {
	};
	objectVersion = 56;
	objects = {

/* Begin PBXBuildFile section */
		8402C22E2C5AA549004CB8E4 /* TTTSquareViewTests.swift in Sources */ = {isa = PBXBuildFile; fileRef = 8402C22D2C5AA549004CB8E4 /* TTTSquareViewTests.swift */; };
		843367412C4EE534009A0CED /* ViewInspectorArticleApp.swift in Sources */ = {isa = PBXBuildFile; fileRef = 843367402C4EE534009A0CED /* ViewInspectorArticleApp.swift */; };
		843367432C4EE534009A0CED /* ContentView.swift in Sources */ = {isa = PBXBuildFile; fileRef = 843367422C4EE534009A0CED /* ContentView.swift */; };
		843367452C4EE536009A0CED /* Assets.xcassets in Resources */ = {isa = PBXBuildFile; fileRef = 843367442C4EE536009A0CED /* Assets.xcassets */; };
		843367482C4EE536009A0CED /* Preview Assets.xcassets in Resources */ = {isa = PBXBuildFile; fileRef = 843367472C4EE536009A0CED /* Preview Assets.xcassets */; };
		8433676D2C4EF95A009A0CED /* ViewInspector in Frameworks */ = {isa = PBXBuildFile; productRef = 8433676C2C4EF95A009A0CED /* ViewInspector */; };
		8433676F2C4F02C0009A0CED /* TTTSquareTests.swift in Sources */ = {isa = PBXBuildFile; fileRef = 8433676E2C4F02C0009A0CED /* TTTSquareTests.swift */; };
		843367712C4F0302009A0CED /* TTTSquare.swift in Sources */ = {isa = PBXBuildFile; fileRef = 843367702C4F0302009A0CED /* TTTSquare.swift */; };
		843367732C4F0391009A0CED /* TTTSquareView.swift in Sources */ = {isa = PBXBuildFile; fileRef = 843367722C4F0391009A0CED /* TTTSquareView.swift */; };
		84799A802C625A2400FA9EA2 /* TTTBoardTests.swift in Sources */ = {isa = PBXBuildFile; fileRef = 84799A7F2C625A1600FA9EA2 /* TTTBoardTests.swift */; };
		84799A822C625A5600FA9EA2 /* TTTBoard.swift in Sources */ = {isa = PBXBuildFile; fileRef = 84799A812C625A5600FA9EA2 /* TTTBoard.swift */; };
		84CF09162C61507A0094F6AC /* Extensions.swift in Sources */ = {isa = PBXBuildFile; fileRef = 84CF09152C61507A0094F6AC /* Extensions.swift */; };
		84D3A6B92C5A9CAF00938B3A /* UpdateTestableView.swift in Sources */ = {isa = PBXBuildFile; fileRef = 84D3A6B82C5A9CAF00938B3A /* UpdateTestableView.swift */; };
		84D3A6BB2C5A9CD700938B3A /* TestableView.swift in Sources */ = {isa = PBXBuildFile; fileRef = 84D3A6BA2C5A9CD700938B3A /* TestableView.swift */; };
/* End PBXBuildFile section */

/* Begin PBXContainerItemProxy section */
		8433674E2C4EE536009A0CED /* PBXContainerItemProxy */ = {
			isa = PBXContainerItemProxy;
			containerPortal = 843367352C4EE534009A0CED /* Project object */;
			proxyType = 1;
			remoteGlobalIDString = 8433673C2C4EE534009A0CED;
			remoteInfo = ViewInspectorArticle;
		};
/* End PBXContainerItemProxy section */

/* Begin PBXFileReference section */
		8402C22D2C5AA549004CB8E4 /* TTTSquareViewTests.swift */ = {isa = PBXFileReference; lastKnownFileType = sourcecode.swift; path = TTTSquareViewTests.swift; sourceTree = "<group>"; };
		8433673D2C4EE534009A0CED /* ViewInspectorArticle.app */ = {isa = PBXFileReference; explicitFileType = wrapper.application; includeInIndex = 0; path = ViewInspectorArticle.app; sourceTree = BUILT_PRODUCTS_DIR; };
		843367402C4EE534009A0CED /* ViewInspectorArticleApp.swift */ = {isa = PBXFileReference; lastKnownFileType = sourcecode.swift; path = ViewInspectorArticleApp.swift; sourceTree = "<group>"; };
		843367422C4EE534009A0CED /* ContentView.swift */ = {isa = PBXFileReference; lastKnownFileType = sourcecode.swift; path = ContentView.swift; sourceTree = "<group>"; };
		843367442C4EE536009A0CED /* Assets.xcassets */ = {isa = PBXFileReference; lastKnownFileType = folder.assetcatalog; path = Assets.xcassets; sourceTree = "<group>"; };
		843367472C4EE536009A0CED /* Preview Assets.xcassets */ = {isa = PBXFileReference; lastKnownFileType = folder.assetcatalog; path = "Preview Assets.xcassets"; sourceTree = "<group>"; };
		8433674D2C4EE536009A0CED /* ViewInspectorArticleTests.xctest */ = {isa = PBXFileReference; explicitFileType = wrapper.cfbundle; includeInIndex = 0; path = ViewInspectorArticleTests.xctest; sourceTree = BUILT_PRODUCTS_DIR; };
		8433676A2C4EEA0D009A0CED /* ViewInspectorArticle.xctestplan */ = {isa = PBXFileReference; lastKnownFileType = text; path = ViewInspectorArticle.xctestplan; sourceTree = "<group>"; };
		8433676E2C4F02C0009A0CED /* TTTSquareTests.swift */ = {isa = PBXFileReference; lastKnownFileType = sourcecode.swift; path = TTTSquareTests.swift; sourceTree = "<group>"; };
		843367702C4F0302009A0CED /* TTTSquare.swift */ = {isa = PBXFileReference; lastKnownFileType = sourcecode.swift; path = TTTSquare.swift; sourceTree = "<group>"; };
		843367722C4F0391009A0CED /* TTTSquareView.swift */ = {isa = PBXFileReference; lastKnownFileType = sourcecode.swift; path = TTTSquareView.swift; sourceTree = "<group>"; };
		84799A7F2C625A1600FA9EA2 /* TTTBoardTests.swift */ = {isa = PBXFileReference; lastKnownFileType = sourcecode.swift; path = TTTBoardTests.swift; sourceTree = "<group>"; };
		84799A812C625A5600FA9EA2 /* TTTBoard.swift */ = {isa = PBXFileReference; lastKnownFileType = sourcecode.swift; path = TTTBoard.swift; sourceTree = "<group>"; };
		84CF09152C61507A0094F6AC /* Extensions.swift */ = {isa = PBXFileReference; lastKnownFileType = sourcecode.swift; path = Extensions.swift; sourceTree = "<group>"; };
		84D3A6B82C5A9CAF00938B3A /* UpdateTestableView.swift */ = {isa = PBXFileReference; lastKnownFileType = sourcecode.swift; path = UpdateTestableView.swift; sourceTree = "<group>"; };
		84D3A6BA2C5A9CD700938B3A /* TestableView.swift */ = {isa = PBXFileReference; lastKnownFileType = sourcecode.swift; path = TestableView.swift; sourceTree = "<group>"; };
/* End PBXFileReference section */

/* Begin PBXFrameworksBuildPhase section */
		8433673A2C4EE534009A0CED /* Frameworks */ = {
			isa = PBXFrameworksBuildPhase;
			buildActionMask = 2147483647;
			files = (
			);
			runOnlyForDeploymentPostprocessing = 0;
		};
		8433674A2C4EE536009A0CED /* Frameworks */ = {
			isa = PBXFrameworksBuildPhase;
			buildActionMask = 2147483647;
			files = (
				8433676D2C4EF95A009A0CED /* ViewInspector in Frameworks */,
			);
			runOnlyForDeploymentPostprocessing = 0;
		};
/* End PBXFrameworksBuildPhase section */

/* Begin PBXGroup section */
		843367342C4EE534009A0CED = {
			isa = PBXGroup;
			children = (
				8433676A2C4EEA0D009A0CED /* ViewInspectorArticle.xctestplan */,
				8433673F2C4EE534009A0CED /* ViewInspectorArticle */,
				843367502C4EE536009A0CED /* ViewInspectorArticleTests */,
				8433673E2C4EE534009A0CED /* Products */,
			);
			sourceTree = "<group>";
		};
		8433673E2C4EE534009A0CED /* Products */ = {
			isa = PBXGroup;
			children = (
				8433673D2C4EE534009A0CED /* ViewInspectorArticle.app */,
				8433674D2C4EE536009A0CED /* ViewInspectorArticleTests.xctest */,
			);
			name = Products;
			sourceTree = "<group>";
		};
		8433673F2C4EE534009A0CED /* ViewInspectorArticle */ = {
			isa = PBXGroup;
			children = (
				843367402C4EE534009A0CED /* ViewInspectorArticleApp.swift */,
				843367702C4F0302009A0CED /* TTTSquare.swift */,
				84799A812C625A5600FA9EA2 /* TTTBoard.swift */,
				843367722C4F0391009A0CED /* TTTSquareView.swift */,
				84CF09152C61507A0094F6AC /* Extensions.swift */,
				843367422C4EE534009A0CED /* ContentView.swift */,
				843367442C4EE536009A0CED /* Assets.xcassets */,
				843367462C4EE536009A0CED /* Preview Content */,
				84D3A6BA2C5A9CD700938B3A /* TestableView.swift */,
			);
			path = ViewInspectorArticle;
			sourceTree = "<group>";
		};
		843367462C4EE536009A0CED /* Preview Content */ = {
			isa = PBXGroup;
			children = (
				843367472C4EE536009A0CED /* Preview Assets.xcassets */,
			);
			path = "Preview Content";
			sourceTree = "<group>";
		};
		843367502C4EE536009A0CED /* ViewInspectorArticleTests */ = {
			isa = PBXGroup;
			children = (
				84799A7F2C625A1600FA9EA2 /* TTTBoardTests.swift */,
				8433676E2C4F02C0009A0CED /* TTTSquareTests.swift */,
				8402C22D2C5AA549004CB8E4 /* TTTSquareViewTests.swift */,
				84D3A6B82C5A9CAF00938B3A /* UpdateTestableView.swift */,
			);
			path = ViewInspectorArticleTests;
			sourceTree = "<group>";
		};
/* End PBXGroup section */

/* Begin PBXNativeTarget section */
		8433673C2C4EE534009A0CED /* ViewInspectorArticle */ = {
			isa = PBXNativeTarget;
			buildConfigurationList = 843367612C4EE536009A0CED /* Build configuration list for PBXNativeTarget "ViewInspectorArticle" */;
			buildPhases = (
				843367392C4EE534009A0CED /* Sources */,
				8433673A2C4EE534009A0CED /* Frameworks */,
				8433673B2C4EE534009A0CED /* Resources */,
			);
			buildRules = (
			);
			dependencies = (
			);
			name = ViewInspectorArticle;
			productName = ViewInspectorArticle;
			productReference = 8433673D2C4EE534009A0CED /* ViewInspectorArticle.app */;
			productType = "com.apple.product-type.application";
		};
		8433674C2C4EE536009A0CED /* ViewInspectorArticleTests */ = {
			isa = PBXNativeTarget;
			buildConfigurationList = 843367642C4EE536009A0CED /* Build configuration list for PBXNativeTarget "ViewInspectorArticleTests" */;
			buildPhases = (
				843367492C4EE536009A0CED /* Sources */,
				8433674A2C4EE536009A0CED /* Frameworks */,
				8433674B2C4EE536009A0CED /* Resources */,
			);
			buildRules = (
			);
			dependencies = (
				8433674F2C4EE536009A0CED /* PBXTargetDependency */,
			);
			name = ViewInspectorArticleTests;
			packageProductDependencies = (
				8433676C2C4EF95A009A0CED /* ViewInspector */,
			);
			productName = ViewInspectorArticleTests;
			productReference = 8433674D2C4EE536009A0CED /* ViewInspectorArticleTests.xctest */;
			productType = "com.apple.product-type.bundle.unit-test";
		};
/* End PBXNativeTarget section */

/* Begin PBXProject section */
		843367352C4EE534009A0CED /* Project object */ = {
			isa = PBXProject;
			attributes = {
				BuildIndependentTargetsInParallel = 1;
				LastSwiftUpdateCheck = 1540;
				LastUpgradeCheck = 1540;
				TargetAttributes = {
					8433673C2C4EE534009A0CED = {
						CreatedOnToolsVersion = 15.4;
					};
					8433674C2C4EE536009A0CED = {
						CreatedOnToolsVersion = 15.4;
						TestTargetID = 8433673C2C4EE534009A0CED;
					};
				};
			};
			buildConfigurationList = 843367382C4EE534009A0CED /* Build configuration list for PBXProject "ViewInspectorArticle" */;
			compatibilityVersion = "Xcode 14.0";
			developmentRegion = en;
			hasScannedForEncodings = 0;
			knownRegions = (
				en,
				Base,
			);
			mainGroup = 843367342C4EE534009A0CED;
			packageReferences = (
				8433676B2C4EF95A009A0CED /* XCRemoteSwiftPackageReference "ViewInspector" */,
			);
			productRefGroup = 8433673E2C4EE534009A0CED /* Products */;
			projectDirPath = "";
			projectRoot = "";
			targets = (
				8433673C2C4EE534009A0CED /* ViewInspectorArticle */,
				8433674C2C4EE536009A0CED /* ViewInspectorArticleTests */,
			);
		};
/* End PBXProject section */

/* Begin PBXResourcesBuildPhase section */
		8433673B2C4EE534009A0CED /* Resources */ = {
			isa = PBXResourcesBuildPhase;
			buildActionMask = 2147483647;
			files = (
				843367482C4EE536009A0CED /* Preview Assets.xcassets in Resources */,
				843367452C4EE536009A0CED /* Assets.xcassets in Resources */,
			);
			runOnlyForDeploymentPostprocessing = 0;
		};
		8433674B2C4EE536009A0CED /* Resources */ = {
			isa = PBXResourcesBuildPhase;
			buildActionMask = 2147483647;
			files = (
			);
			runOnlyForDeploymentPostprocessing = 0;
		};
/* End PBXResourcesBuildPhase section */

/* Begin PBXSourcesBuildPhase section */
		843367392C4EE534009A0CED /* Sources */ = {
			isa = PBXSourcesBuildPhase;
			buildActionMask = 2147483647;
			files = (
				843367432C4EE534009A0CED /* ContentView.swift in Sources */,
				84799A822C625A5600FA9EA2 /* TTTBoard.swift in Sources */,
				843367412C4EE534009A0CED /* ViewInspectorArticleApp.swift in Sources */,
				843367732C4F0391009A0CED /* TTTSquareView.swift in Sources */,
				84D3A6BB2C5A9CD700938B3A /* TestableView.swift in Sources */,
				84CF09162C61507A0094F6AC /* Extensions.swift in Sources */,
				843367712C4F0302009A0CED /* TTTSquare.swift in Sources */,
			);
			runOnlyForDeploymentPostprocessing = 0;
		};
		843367492C4EE536009A0CED /* Sources */ = {
			isa = PBXSourcesBuildPhase;
			buildActionMask = 2147483647;
			files = (
				84D3A6B92C5A9CAF00938B3A /* UpdateTestableView.swift in Sources */,
				84799A802C625A2400FA9EA2 /* TTTBoardTests.swift in Sources */,
				8402C22E2C5AA549004CB8E4 /* TTTSquareViewTests.swift in Sources */,
				8433676F2C4F02C0009A0CED /* TTTSquareTests.swift in Sources */,
			);
			runOnlyForDeploymentPostprocessing = 0;
		};
/* End PBXSourcesBuildPhase section */

/* Begin PBXTargetDependency section */
		8433674F2C4EE536009A0CED /* PBXTargetDependency */ = {
			isa = PBXTargetDependency;
			target = 8433673C2C4EE534009A0CED /* ViewInspectorArticle */;
			targetProxy = 8433674E2C4EE536009A0CED /* PBXContainerItemProxy */;
		};
/* End PBXTargetDependency section */

/* Begin XCBuildConfiguration section */
		8433675F2C4EE536009A0CED /* Debug */ = {
			isa = XCBuildConfiguration;
			buildSettings = {
				ALWAYS_SEARCH_USER_PATHS = NO;
				ASSETCATALOG_COMPILER_GENERATE_SWIFT_ASSET_SYMBOL_EXTENSIONS = YES;
				CLANG_ANALYZER_NONNULL = YES;
				CLANG_ANALYZER_NUMBER_OBJECT_CONVERSION = YES_AGGRESSIVE;
				CLANG_CXX_LANGUAGE_STANDARD = "gnu++20";
				CLANG_ENABLE_MODULES = YES;
				CLANG_ENABLE_OBJC_ARC = YES;
				CLANG_ENABLE_OBJC_WEAK = YES;
				CLANG_WARN_BLOCK_CAPTURE_AUTORELEASING = YES;
				CLANG_WARN_BOOL_CONVERSION = YES;
				CLANG_WARN_COMMA = YES;
				CLANG_WARN_CONSTANT_CONVERSION = YES;
				CLANG_WARN_DEPRECATED_OBJC_IMPLEMENTATIONS = YES;
				CLANG_WARN_DIRECT_OBJC_ISA_USAGE = YES_ERROR;
				CLANG_WARN_DOCUMENTATION_COMMENTS = YES;
				CLANG_WARN_EMPTY_BODY = YES;
				CLANG_WARN_ENUM_CONVERSION = YES;
				CLANG_WARN_INFINITE_RECURSION = YES;
				CLANG_WARN_INT_CONVERSION = YES;
				CLANG_WARN_NON_LITERAL_NULL_CONVERSION = YES;
				CLANG_WARN_OBJC_IMPLICIT_RETAIN_SELF = YES;
				CLANG_WARN_OBJC_LITERAL_CONVERSION = YES;
				CLANG_WARN_OBJC_ROOT_CLASS = YES_ERROR;
				CLANG_WARN_QUOTED_INCLUDE_IN_FRAMEWORK_HEADER = YES;
				CLANG_WARN_RANGE_LOOP_ANALYSIS = YES;
				CLANG_WARN_STRICT_PROTOTYPES = YES;
				CLANG_WARN_SUSPICIOUS_MOVE = YES;
				CLANG_WARN_UNGUARDED_AVAILABILITY = YES_AGGRESSIVE;
				CLANG_WARN_UNREACHABLE_CODE = YES;
				CLANG_WARN__DUPLICATE_METHOD_MATCH = YES;
				COPY_PHASE_STRIP = NO;
				DEBUG_INFORMATION_FORMAT = dwarf;
				ENABLE_STRICT_OBJC_MSGSEND = YES;
				ENABLE_TESTABILITY = YES;
				ENABLE_USER_SCRIPT_SANDBOXING = YES;
				GCC_C_LANGUAGE_STANDARD = gnu17;
				GCC_DYNAMIC_NO_PIC = NO;
				GCC_NO_COMMON_BLOCKS = YES;
				GCC_OPTIMIZATION_LEVEL = 0;
				GCC_PREPROCESSOR_DEFINITIONS = (
					"DEBUG=1",
					"$(inherited)",
				);
				GCC_WARN_64_TO_32_BIT_CONVERSION = YES;
				GCC_WARN_ABOUT_RETURN_TYPE = YES_ERROR;
				GCC_WARN_UNDECLARED_SELECTOR = YES;
				GCC_WARN_UNINITIALIZED_AUTOS = YES_AGGRESSIVE;
				GCC_WARN_UNUSED_FUNCTION = YES;
				GCC_WARN_UNUSED_VARIABLE = YES;
				IPHONEOS_DEPLOYMENT_TARGET = 17.5;
				LOCALIZATION_PREFERS_STRING_CATALOGS = YES;
				MTL_ENABLE_DEBUG_INFO = INCLUDE_SOURCE;
				MTL_FAST_MATH = YES;
				ONLY_ACTIVE_ARCH = YES;
				SDKROOT = iphoneos;
				SWIFT_ACTIVE_COMPILATION_CONDITIONS = "DEBUG $(inherited)";
				SWIFT_OPTIMIZATION_LEVEL = "-Onone";
			};
			name = Debug;
		};
		843367602C4EE536009A0CED /* Release */ = {
			isa = XCBuildConfiguration;
			buildSettings = {
				ALWAYS_SEARCH_USER_PATHS = NO;
				ASSETCATALOG_COMPILER_GENERATE_SWIFT_ASSET_SYMBOL_EXTENSIONS = YES;
				CLANG_ANALYZER_NONNULL = YES;
				CLANG_ANALYZER_NUMBER_OBJECT_CONVERSION = YES_AGGRESSIVE;
				CLANG_CXX_LANGUAGE_STANDARD = "gnu++20";
				CLANG_ENABLE_MODULES = YES;
				CLANG_ENABLE_OBJC_ARC = YES;
				CLANG_ENABLE_OBJC_WEAK = YES;
				CLANG_WARN_BLOCK_CAPTURE_AUTORELEASING = YES;
				CLANG_WARN_BOOL_CONVERSION = YES;
				CLANG_WARN_COMMA = YES;
				CLANG_WARN_CONSTANT_CONVERSION = YES;
				CLANG_WARN_DEPRECATED_OBJC_IMPLEMENTATIONS = YES;
				CLANG_WARN_DIRECT_OBJC_ISA_USAGE = YES_ERROR;
				CLANG_WARN_DOCUMENTATION_COMMENTS = YES;
				CLANG_WARN_EMPTY_BODY = YES;
				CLANG_WARN_ENUM_CONVERSION = YES;
				CLANG_WARN_INFINITE_RECURSION = YES;
				CLANG_WARN_INT_CONVERSION = YES;
				CLANG_WARN_NON_LITERAL_NULL_CONVERSION = YES;
				CLANG_WARN_OBJC_IMPLICIT_RETAIN_SELF = YES;
				CLANG_WARN_OBJC_LITERAL_CONVERSION = YES;
				CLANG_WARN_OBJC_ROOT_CLASS = YES_ERROR;
				CLANG_WARN_QUOTED_INCLUDE_IN_FRAMEWORK_HEADER = YES;
				CLANG_WARN_RANGE_LOOP_ANALYSIS = YES;
				CLANG_WARN_STRICT_PROTOTYPES = YES;
				CLANG_WARN_SUSPICIOUS_MOVE = YES;
				CLANG_WARN_UNGUARDED_AVAILABILITY = YES_AGGRESSIVE;
				CLANG_WARN_UNREACHABLE_CODE = YES;
				CLANG_WARN__DUPLICATE_METHOD_MATCH = YES;
				COPY_PHASE_STRIP = NO;
				DEBUG_INFORMATION_FORMAT = "dwarf-with-dsym";
				ENABLE_NS_ASSERTIONS = NO;
				ENABLE_STRICT_OBJC_MSGSEND = YES;
				ENABLE_USER_SCRIPT_SANDBOXING = YES;
				GCC_C_LANGUAGE_STANDARD = gnu17;
				GCC_NO_COMMON_BLOCKS = YES;
				GCC_WARN_64_TO_32_BIT_CONVERSION = YES;
				GCC_WARN_ABOUT_RETURN_TYPE = YES_ERROR;
				GCC_WARN_UNDECLARED_SELECTOR = YES;
				GCC_WARN_UNINITIALIZED_AUTOS = YES_AGGRESSIVE;
				GCC_WARN_UNUSED_FUNCTION = YES;
				GCC_WARN_UNUSED_VARIABLE = YES;
				IPHONEOS_DEPLOYMENT_TARGET = 17.5;
				LOCALIZATION_PREFERS_STRING_CATALOGS = YES;
				MTL_ENABLE_DEBUG_INFO = NO;
				MTL_FAST_MATH = YES;
				SDKROOT = iphoneos;
				SWIFT_COMPILATION_MODE = wholemodule;
				VALIDATE_PRODUCT = YES;
			};
			name = Release;
		};
		843367622C4EE536009A0CED /* Debug */ = {
			isa = XCBuildConfiguration;
			buildSettings = {
				ASSETCATALOG_COMPILER_APPICON_NAME = AppIcon;
				ASSETCATALOG_COMPILER_GLOBAL_ACCENT_COLOR_NAME = AccentColor;
				CODE_SIGN_STYLE = Automatic;
				CURRENT_PROJECT_VERSION = 123431;
				DEVELOPMENT_ASSET_PATHS = "\"ViewInspectorArticle/Preview Content\"";
				DEVELOPMENT_TEAM = 833AT2F722;
				ENABLE_PREVIEWS = YES;
				GENERATE_INFOPLIST_FILE = YES;
				INFOPLIST_KEY_UIApplicationSceneManifest_Generation = YES;
				INFOPLIST_KEY_UIApplicationSupportsIndirectInputEvents = YES;
				INFOPLIST_KEY_UILaunchScreen_Generation = YES;
				INFOPLIST_KEY_UISupportedInterfaceOrientations_iPad = "UIInterfaceOrientationPortrait UIInterfaceOrientationPortraitUpsideDown UIInterfaceOrientationLandscapeLeft UIInterfaceOrientationLandscapeRight";
				INFOPLIST_KEY_UISupportedInterfaceOrientations_iPhone = "UIInterfaceOrientationPortrait UIInterfaceOrientationLandscapeLeft UIInterfaceOrientationLandscapeRight";
				LD_RUNPATH_SEARCH_PATHS = (
					"$(inherited)",
					"@executable_path/Frameworks",
				);
				MARKETING_VERSION = 0.0.1;
				PRODUCT_BUNDLE_IDENTIFIER = net.perlguy.ViewInspectorArticle;
				PRODUCT_NAME = "$(TARGET_NAME)";
				SWIFT_EMIT_LOC_STRINGS = YES;
				SWIFT_VERSION = 5.0;
				TARGETED_DEVICE_FAMILY = "1,2";
			};
			name = Debug;
		};
		843367632C4EE536009A0CED /* Release */ = {
			isa = XCBuildConfiguration;
			buildSettings = {
				ASSETCATALOG_COMPILER_APPICON_NAME = AppIcon;
				ASSETCATALOG_COMPILER_GLOBAL_ACCENT_COLOR_NAME = AccentColor;
				CODE_SIGN_STYLE = Automatic;
				CURRENT_PROJECT_VERSION = 123431;
				DEVELOPMENT_ASSET_PATHS = "\"ViewInspectorArticle/Preview Content\"";
				DEVELOPMENT_TEAM = 833AT2F722;
				ENABLE_PREVIEWS = YES;
				GENERATE_INFOPLIST_FILE = YES;
				INFOPLIST_KEY_UIApplicationSceneManifest_Generation = YES;
				INFOPLIST_KEY_UIApplicationSupportsIndirectInputEvents = YES;
				INFOPLIST_KEY_UILaunchScreen_Generation = YES;
				INFOPLIST_KEY_UISupportedInterfaceOrientations_iPad = "UIInterfaceOrientationPortrait UIInterfaceOrientationPortraitUpsideDown UIInterfaceOrientationLandscapeLeft UIInterfaceOrientationLandscapeRight";
				INFOPLIST_KEY_UISupportedInterfaceOrientations_iPhone = "UIInterfaceOrientationPortrait UIInterfaceOrientationLandscapeLeft UIInterfaceOrientationLandscapeRight";
				LD_RUNPATH_SEARCH_PATHS = (
					"$(inherited)",
					"@executable_path/Frameworks",
				);
				MARKETING_VERSION = 0.0.1;
				PRODUCT_BUNDLE_IDENTIFIER = net.perlguy.ViewInspectorArticle;
				PRODUCT_NAME = "$(TARGET_NAME)";
				SWIFT_EMIT_LOC_STRINGS = YES;
				SWIFT_VERSION = 5.0;
				TARGETED_DEVICE_FAMILY = "1,2";
			};
			name = Release;
		};
		843367652C4EE536009A0CED /* Debug */ = {
			isa = XCBuildConfiguration;
			buildSettings = {
				ALWAYS_EMBED_SWIFT_STANDARD_LIBRARIES = YES;
				BUNDLE_LOADER = "$(TEST_HOST)";
				CODE_SIGN_STYLE = Automatic;
				CURRENT_PROJECT_VERSION = 1;
				DEVELOPMENT_TEAM = 833AT2F722;
				GENERATE_INFOPLIST_FILE = YES;
				IPHONEOS_DEPLOYMENT_TARGET = 17.5;
				MARKETING_VERSION = 1.0;
				PRODUCT_BUNDLE_IDENTIFIER = net.perlguy.ViewInspectorArticleTests;
				PRODUCT_NAME = "$(TARGET_NAME)";
				SWIFT_EMIT_LOC_STRINGS = NO;
				SWIFT_VERSION = 5.0;
				TARGETED_DEVICE_FAMILY = "1,2";
				TEST_HOST = "$(BUILT_PRODUCTS_DIR)/ViewInspectorArticle.app/$(BUNDLE_EXECUTABLE_FOLDER_PATH)/ViewInspectorArticle";
			};
			name = Debug;
		};
		843367662C4EE536009A0CED /* Release */ = {
			isa = XCBuildConfiguration;
			buildSettings = {
				ALWAYS_EMBED_SWIFT_STANDARD_LIBRARIES = YES;
				BUNDLE_LOADER = "$(TEST_HOST)";
				CODE_SIGN_STYLE = Automatic;
				CURRENT_PROJECT_VERSION = 1;
				DEVELOPMENT_TEAM = 833AT2F722;
				GENERATE_INFOPLIST_FILE = YES;
				IPHONEOS_DEPLOYMENT_TARGET = 17.5;
				MARKETING_VERSION = 1.0;
				PRODUCT_BUNDLE_IDENTIFIER = net.perlguy.ViewInspectorArticleTests;
				PRODUCT_NAME = "$(TARGET_NAME)";
				SWIFT_EMIT_LOC_STRINGS = NO;
				SWIFT_VERSION = 5.0;
				TARGETED_DEVICE_FAMILY = "1,2";
				TEST_HOST = "$(BUILT_PRODUCTS_DIR)/ViewInspectorArticle.app/$(BUNDLE_EXECUTABLE_FOLDER_PATH)/ViewInspectorArticle";
			};
			name = Release;
		};
/* End XCBuildConfiguration section */

/* Begin XCConfigurationList section */
		843367382C4EE534009A0CED /* Build configuration list for PBXProject "ViewInspectorArticle" */ = {
			isa = XCConfigurationList;
			buildConfigurations = (
				8433675F2C4EE536009A0CED /* Debug */,
				843367602C4EE536009A0CED /* Release */,
			);
			defaultConfigurationIsVisible = 0;
			defaultConfigurationName = Release;
		};
		843367612C4EE536009A0CED /* Build configuration list for PBXNativeTarget "ViewInspectorArticle" */ = {
			isa = XCConfigurationList;
			buildConfigurations = (
				843367622C4EE536009A0CED /* Debug */,
				843367632C4EE536009A0CED /* Release */,
			);
			defaultConfigurationIsVisible = 0;
			defaultConfigurationName = Release;
		};
		843367642C4EE536009A0CED /* Build configuration list for PBXNativeTarget "ViewInspectorArticleTests" */ = {
			isa = XCConfigurationList;
			buildConfigurations = (
				843367652C4EE536009A0CED /* Debug */,
				843367662C4EE536009A0CED /* Release */,
			);
			defaultConfigurationIsVisible = 0;
			defaultConfigurationName = Release;
		};
/* End XCConfigurationList section */

/* Begin XCRemoteSwiftPackageReference section */
		8433676B2C4EF95A009A0CED /* XCRemoteSwiftPackageReference "ViewInspector" */ = {
			isa = XCRemoteSwiftPackageReference;
			repositoryURL = "https://github.com/nalexn/ViewInspector";
			requirement = {
				branch = 0.10.0;
				kind = branch;
			};
		};
/* End XCRemoteSwiftPackageReference section */

/* Begin XCSwiftPackageProductDependency section */
		8433676C2C4EF95A009A0CED /* ViewInspector */ = {
			isa = XCSwiftPackageProductDependency;
			package = 8433676B2C4EF95A009A0CED /* XCRemoteSwiftPackageReference "ViewInspector" */;
			productName = ViewInspector;
		};
/* End XCSwiftPackageProductDependency section */
	};
	rootObject = 843367352C4EE534009A0CED /* Project object */;
}
